
Microsoft Visual Studio Solution File, Format Version 12.00
# Visual Studio Version 17
VisualStudioVersion = 17.4.33205.214
MinimumVisualStudioVersion = 10.0.40219.1
Project("{FAE04EC0-301F-11D3-BF4B-00C04F79EFBC}") = "EmployeeTaskManagement", "EmployeeTaskManagement\EmployeeTaskManagement.csproj", "{4E9DEF83-D479-4932-8B25-6004C3469A41}"
EndProject
Global
	GlobalSection(SolutionConfigurationPlatforms) = preSolution
		Debug|Any CPU = Debug|Any CPU
		Release|Any CPU = Release|Any CPU
	EndGlobalSection
	GlobalSection(ProjectConfigurationPlatforms) = postSolution
		{4E9DEF83-D479-4932-8B25-6004C3469A41}.Debug|Any CPU.ActiveCfg = Debug|Any CPU
		{4E9DEF83-D479-4932-8B25-6004C3469A41}.Debug|Any CPU.Build.0 = Debug|Any CPU
		{4E9DEF83-D479-4932-8B25-6004C3469A41}.Release|Any CPU.ActiveCfg = Release|Any CPU
		{4E9DEF83-D479-4932-8B25-6004C3469A41}.Release|Any CPU.Build.0 = Release|Any CPU
	EndGlobalSection
	GlobalSection(SolutionProperties) = preSolution
		HideSolutionNode = FALSE
	EndGlobalSection
	GlobalSection(ExtensibilityGlobals) = postSolution
		SolutionGuid = {67EAD64A-7BE7-4F07-AB14-0817292BC593}
	EndGlobalSection
EndGlobal
